version: 6
environments:
  cpu:
    channels:
    - url: https://prefix.dev/rock-the-conda/
    - url: https://prefix.dev/conda-forge/
    packages:
      linux-64:
      - conda: https://prefix.dev/conda-forge/linux-64/_openmp_mutex-4.5-5_kmp_llvm.conda
      - conda: https://prefix.dev/conda-forge/linux-64/c-ares-1.34.5-hb9d3cd8_0.conda
      - conda: https://prefix.dev/conda-forge/noarch/ca-certificates-2025.10.5-hbd8a1cb_0.conda
      - conda: https://prefix.dev/conda-forge/linux-64/curl-8.16.0-h4e3cde8_0.conda
      - conda: https://prefix.dev/conda-forge/linux-64/keyutils-1.6.3-hb9d3cd8_0.conda
      - conda: https://prefix.dev/conda-forge/linux-64/krb5-1.21.3-h659f571_0.conda
      - conda: https://prefix.dev/conda-forge/linux-64/libcurl-8.16.0-h4e3cde8_0.conda
      - conda: https://prefix.dev/conda-forge/linux-64/libedit-3.1.20250104-pl5321h7949ede_0.conda
      - conda: https://prefix.dev/conda-forge/linux-64/libev-4.33-hd590300_2.conda
      - conda: https://prefix.dev/conda-forge/linux-64/libgcc-15.2.0-h767d61c_7.conda
      - conda: https://prefix.dev/conda-forge/linux-64/libgcc-ng-15.2.0-h69a702a_7.conda
      - conda: https://prefix.dev/conda-forge/linux-64/libhwloc-2.12.1-default_h7f8ec31_1002.conda
      - conda: https://prefix.dev/conda-forge/linux-64/libiconv-1.18-h3b78370_2.conda
      - conda: https://prefix.dev/conda-forge/linux-64/liblzma-5.8.1-hb9d3cd8_2.conda
      - conda: https://prefix.dev/conda-forge/linux-64/libnghttp2-1.67.0-had1ee68_0.conda
      - conda: https://prefix.dev/conda-forge/linux-64/libssh2-1.11.1-hcf80075_0.conda
      - conda: https://prefix.dev/conda-forge/linux-64/libstdcxx-15.2.0-h8f9b012_7.conda
      - conda: https://prefix.dev/conda-forge/linux-64/libstdcxx-ng-15.2.0-h4852527_7.conda
      - conda: https://prefix.dev/conda-forge/linux-64/libxml2-16-2.15.1-hf2a90c1_0.conda
      - conda: https://prefix.dev/conda-forge/linux-64/libxml2-2.15.1-h031cc0b_0.conda
      - conda: https://prefix.dev/conda-forge/linux-64/libzlib-1.3.1-hb9d3cd8_2.conda
      - conda: https://prefix.dev/conda-forge/linux-64/llama.cpp-6904-cpu_mkl_hba1d3a1_0.conda
      - conda: https://prefix.dev/conda-forge/linux-64/llvm-openmp-21.1.4-h4922eb0_0.conda
      - conda: https://prefix.dev/conda-forge/linux-64/mkl-2025.3.0-h0e700b2_462.conda
      - conda: https://prefix.dev/conda-forge/linux-64/ncurses-6.5-h2d0b736_3.conda
      - conda: https://prefix.dev/conda-forge/linux-64/openssl-3.5.4-h26f9b46_0.conda
      - conda: https://prefix.dev/conda-forge/linux-64/tbb-2022.3.0-h8d10470_0.conda
      - conda: https://prefix.dev/conda-forge/linux-64/zstd-1.5.7-hb8e6e7a_2.conda
  default:
    channels:
    - url: https://prefix.dev/rock-the-conda/
    - url: https://prefix.dev/conda-forge/
    packages:
      linux-64:
      - conda: https://prefix.dev/conda-forge/linux-64/_libgcc_mutex-0.1-conda_forge.tar.bz2
      - conda: https://prefix.dev/conda-forge/linux-64/_openmp_mutex-4.5-2_gnu.tar.bz2
      - conda: https://prefix.dev/conda-forge/linux-64/bzip2-1.0.8-hda65f42_8.conda
      - conda: https://prefix.dev/conda-forge/linux-64/c-ares-1.34.5-hb9d3cd8_0.conda
      - conda: https://prefix.dev/conda-forge/noarch/ca-certificates-2025.10.5-hbd8a1cb_0.conda
      - conda: https://prefix.dev/conda-forge/linux-64/curl-8.16.0-h4e3cde8_0.conda
      - conda: https://prefix.dev/conda-forge/linux-64/elfutils-0.192-hebdcf93_2.conda
      - conda: https://prefix.dev/conda-forge/linux-64/fmt-11.2.0-h07f6e7f_0.conda
      - conda: https://prefix.dev/conda-forge/linux-64/gmp-6.3.0-hac33072_2.conda
      - conda: https://prefix.dev/conda-forge/linux-64/gnutls-3.8.9-h86084c0_1.conda
      - conda: https://prefix.dev/rock-the-conda/linux-64/hip-runtime-amd-7.0.2-hf88c81a_0.conda
      - conda: https://prefix.dev/rock-the-conda/linux-64/hipblas-7.0.2-hbaa972e_0.conda
      - conda: https://prefix.dev/rock-the-conda/linux-64/hipblaslt-7.0.2-h978cf63_0.conda
      - conda: https://prefix.dev/conda-forge/linux-64/icu-75.1-he02047a_0.conda
      - conda: https://prefix.dev/conda-forge/linux-64/keyutils-1.6.3-hb9d3cd8_0.conda
      - conda: https://prefix.dev/conda-forge/linux-64/krb5-1.21.3-h659f571_0.conda
      - conda: https://prefix.dev/conda-forge/linux-64/libarchive-3.8.2-gpl_h7be2006_100.conda
      - conda: https://prefix.dev/conda-forge/linux-64/libboost-1.86.0-hed09d94_4.conda
      - conda: https://prefix.dev/conda-forge/linux-64/libcurl-8.16.0-h4e3cde8_0.conda
      - conda: https://prefix.dev/conda-forge/linux-64/libdrm-2.4.125-hb03c661_1.conda
      - conda: https://prefix.dev/conda-forge/linux-64/libedit-3.1.20250104-pl5321h7949ede_0.conda
      - conda: https://prefix.dev/conda-forge/linux-64/libev-4.33-hd590300_2.conda
      - conda: https://prefix.dev/conda-forge/linux-64/libffi-3.4.6-h2dba641_1.conda
      - conda: https://prefix.dev/conda-forge/linux-64/libgcc-15.2.0-h767d61c_7.conda
      - conda: https://prefix.dev/conda-forge/linux-64/libgcc-ng-15.2.0-h69a702a_7.conda
      - conda: https://prefix.dev/conda-forge/linux-64/libgfortran-15.2.0-h69a702a_7.conda
      - conda: https://prefix.dev/conda-forge/linux-64/libgfortran5-15.2.0-hcd61629_7.conda
      - conda: https://prefix.dev/conda-forge/linux-64/libgomp-15.2.0-h767d61c_7.conda
      - conda: https://prefix.dev/conda-forge/linux-64/libiconv-1.18-h3b78370_2.conda
      - conda: https://prefix.dev/conda-forge/linux-64/libidn2-2.3.8-hfac485b_1.conda
      - conda: https://prefix.dev/conda-forge/linux-64/libllvm20-20.1.8-hf7376ad_1.conda
      - conda: https://prefix.dev/conda-forge/linux-64/liblzma-5.8.1-hb9d3cd8_2.conda
      - conda: https://prefix.dev/conda-forge/linux-64/libmicrohttpd-1.0.2-hc2fc477_0.conda
      - conda: https://prefix.dev/conda-forge/linux-64/libnghttp2-1.67.0-had1ee68_0.conda
      - conda: https://prefix.dev/conda-forge/linux-64/libnuma-2.0.18-hb9d3cd8_3.conda
      - conda: https://prefix.dev/conda-forge/linux-64/libpciaccess-0.18-hb9d3cd8_0.conda
      - conda: https://prefix.dev/conda-forge/linux-64/libsqlite-3.50.4-h0c1763c_0.conda
      - conda: https://prefix.dev/conda-forge/linux-64/libssh2-1.11.1-hcf80075_0.conda
      - conda: https://prefix.dev/conda-forge/linux-64/libstdcxx-15.2.0-h8f9b012_7.conda
      - conda: https://prefix.dev/conda-forge/linux-64/libstdcxx-ng-15.2.0-h4852527_7.conda
      - conda: https://prefix.dev/conda-forge/linux-64/libtasn1-4.20.0-hb03c661_1.conda
      - conda: https://prefix.dev/conda-forge/linux-64/libunistring-0.9.10-h7f98852_0.tar.bz2
      - conda: https://prefix.dev/conda-forge/linux-64/libxml2-16-2.15.1-ha9997c6_0.conda
      - conda: https://prefix.dev/conda-forge/linux-64/libxml2-2.15.1-h26afc86_0.conda
      - conda: https://prefix.dev/conda-forge/linux-64/libzlib-1.3.1-hb9d3cd8_2.conda
      - conda: https://prefix.dev/rock-the-conda/linux-64/llama.cpp-6904-rocm70_h0116fc4_0.conda
      - conda: https://prefix.dev/conda-forge/linux-64/lz4-c-1.10.0-h5888daf_1.conda
      - conda: https://prefix.dev/conda-forge/linux-64/lzo-2.10-h280c20c_1002.conda
      - conda: https://prefix.dev/conda-forge/linux-64/msgpack-cxx-7.0.0-h9fb26e6_0.conda
      - conda: https://prefix.dev/conda-forge/linux-64/ncurses-6.5-h2d0b736_3.conda
      - conda: https://prefix.dev/conda-forge/linux-64/nettle-3.10.1-h4a9d5aa_0.conda
      - conda: https://prefix.dev/conda-forge/linux-64/openssl-3.5.4-h26f9b46_0.conda
      - conda: https://prefix.dev/conda-forge/linux-64/p11-kit-0.24.1-hc5aa10d_0.tar.bz2
      - conda: https://prefix.dev/conda-forge/noarch/python_abi-3.10-8_cp310.conda
      - conda: https://prefix.dev/rock-the-conda/linux-64/rocblas-7.0.2-h75aaa01_0.conda
      - conda: https://prefix.dev/rock-the-conda/linux-64/rocm-comgr-7.0.2-h869bcad_0.conda
      - conda: https://prefix.dev/rock-the-conda/linux-64/rocm-core-7.0.2-hc2501f5_0.conda
      - conda: https://prefix.dev/rock-the-conda/linux-64/rocm-smi-7.0.2-hf88c81a_0.conda
      - conda: https://prefix.dev/rock-the-conda/linux-64/rocr-runtime-7.0.2-h2d6932b_0.conda
      - conda: https://prefix.dev/rock-the-conda/linux-64/rocsolver-7.0.2-h7088647_0.conda
      - conda: https://prefix.dev/rock-the-conda/linux-64/roctracer-7.0.2-h7088647_0.conda
      - conda: https://prefix.dev/conda-forge/linux-64/spdlog-1.15.3-h6dc744f_1.conda
      - conda: https://prefix.dev/conda-forge/linux-64/zstd-1.5.7-hb8e6e7a_2.conda
packages:
- conda: https://prefix.dev/conda-forge/linux-64/_libgcc_mutex-0.1-conda_forge.tar.bz2
  sha256: fe51de6107f9edc7aa4f786a70f4a883943bc9d39b3bb7307c04c41410990726
  md5: d7c89558ba9fa0495403155b64376d81
  license: None
  size: 2562
  timestamp: 1578324546067
- conda: https://prefix.dev/conda-forge/linux-64/_openmp_mutex-4.5-2_gnu.tar.bz2
  build_number: 16
  sha256: fbe2c5e56a653bebb982eda4876a9178aedfc2b545f25d0ce9c4c0b508253d22
  md5: 73aaf86a425cc6e73fcf236a5a46396d
  depends:
  - _libgcc_mutex 0.1 conda_forge
  - libgomp >=7.5.0
  constrains:
  - openmp_impl 9999
  license: BSD-3-Clause
  license_family: BSD
  size: 23621
  timestamp: 1650670423406
- conda: https://prefix.dev/conda-forge/linux-64/_openmp_mutex-4.5-5_kmp_llvm.conda
  build_number: 5
  sha256: 261526e6bc3866db41ad32c6ccfb3694b07fe8a0ab91616a71fa90f8b365154b
  md5: af759c8ce5aed7e5453dca614c5bb831
  depends:
  - llvm-openmp >=9.0.1
  license: BSD-3-Clause
  license_family: BSD
  size: 8250
  timestamp: 1760488483285
- conda: https://prefix.dev/conda-forge/linux-64/bzip2-1.0.8-hda65f42_8.conda
  sha256: c30daba32ddebbb7ded490f0e371eae90f51e72db620554089103b4a6934b0d5
  md5: 51a19bba1b8ebfb60df25cde030b7ebc
  depends:
  - __glibc >=2.17,<3.0.a0
  - libgcc >=14
  license: bzip2-1.0.6
  license_family: BSD
  size: 260341
  timestamp: 1757437258798
- conda: https://prefix.dev/conda-forge/linux-64/c-ares-1.34.5-hb9d3cd8_0.conda
  sha256: f8003bef369f57396593ccd03d08a8e21966157269426f71e943f96e4b579aeb
  md5: f7f0d6cc2dc986d42ac2689ec88192be
  depends:
  - __glibc >=2.17,<3.0.a0
  - libgcc >=13
  license: MIT
  license_family: MIT
  size: 206884
  timestamp: 1744127994291
- conda: https://prefix.dev/conda-forge/noarch/ca-certificates-2025.10.5-hbd8a1cb_0.conda
  sha256: 3b5ad78b8bb61b6cdc0978a6a99f8dfb2cc789a451378d054698441005ecbdb6
  md5: f9e5fbc24009179e8b0409624691758a
  depends:
  - __unix
  license: ISC
  size: 155907
  timestamp: 1759649036195
- conda: https://prefix.dev/conda-forge/linux-64/curl-8.16.0-h4e3cde8_0.conda
  sha256: 3a16abbdc43bdf36ea6a446099120cf58c6189dd1a0c877940edefde42ae5daf
  md5: d0147bee507ee3e367c685f4496e50db
  depends:
  - __glibc >=2.17,<3.0.a0
  - krb5 >=1.21.3,<1.22.0a0
  - libcurl 8.16.0 h4e3cde8_0
  - libgcc >=14
  - libssh2 >=1.11.1,<2.0a0
  - libzlib >=1.3.1,<2.0a0
  - openssl >=3.5.4,<4.0a0
  - zstd >=1.5.7,<1.6.0a0
  license: curl
  license_family: MIT
  size: 182718
  timestamp: 1760977219994
- conda: https://prefix.dev/conda-forge/linux-64/elfutils-0.192-hebdcf93_2.conda
  sha256: 2fe2d32f4b6a61465d59386eed2727cfe7a3975decf8b46e8ab29cc050b110fa
  md5: a287e8b90b4b1e1bf9ee7b193f16cec0
  depends:
  - __glibc >=2.17,<3.0.a0
  - bzip2 >=1.0.8,<2.0a0
  - libarchive >=3.8.1,<3.9.0a0
  - libcurl >=8.14.1,<9.0a0
  - libgcc >=13
  - liblzma >=5.8.1,<6.0a0
  - libmicrohttpd >=1.0.1,<1.1.0a0
  - libsqlite >=3.50.2,<4.0a0
  - libstdcxx >=13
  - libzlib >=1.3.1,<2.0a0
  - zstd >=1.5.7,<1.6.0a0
  license: LGPL-3.0-only
  license_family: LGPL
  size: 1122012
  timestamp: 1751541521360
- conda: https://prefix.dev/conda-forge/linux-64/fmt-11.2.0-h07f6e7f_0.conda
  sha256: e0f53b7801d0bcb5d61a1ddcb873479bfe8365e56fd3722a232fbcc372a9ac52
  md5: 0c2f855a88fab6afa92a7aa41217dc8e
  depends:
  - __glibc >=2.17,<3.0.a0
  - libgcc >=13
  - libstdcxx >=13
  license: MIT
  license_family: MIT
  size: 192721
  timestamp: 1751277120358
- conda: https://prefix.dev/conda-forge/linux-64/gmp-6.3.0-hac33072_2.conda
  sha256: 309cf4f04fec0c31b6771a5809a1909b4b3154a2208f52351e1ada006f4c750c
  md5: c94a5994ef49749880a8139cf9afcbe1
  depends:
  - libgcc-ng >=12
  - libstdcxx-ng >=12
  license: GPL-2.0-or-later OR LGPL-3.0-or-later
  size: 460055
  timestamp: 1718980856608
- conda: https://prefix.dev/conda-forge/linux-64/gnutls-3.8.9-h86084c0_1.conda
  sha256: 47c9b18d08d3c58032ebacde96fad1eeeb2af9fe1f0a78b730a51ce29a601418
  md5: f71a6a96b0e7537b536fc144472d7ba6
  depends:
  - __glibc >=2.17,<3.0.a0
  - libgcc >=13
  - libidn2 >=2,<3.0a0
  - libstdcxx >=13
  - libtasn1 >=4.20.0,<5.0a0
  - nettle >=3.10.1,<3.11.0a0
  - p11-kit >=0.24.1,<0.25.0a0
  license: LGPL-2.1-or-later
  license_family: LGPL
  size: 2048065
  timestamp: 1748036227947
- conda: https://prefix.dev/rock-the-conda/linux-64/hip-runtime-amd-7.0.2-hf88c81a_0.conda
  sha256: 09867d0534646cb96311e36619afd0bf683fea52cd64f3e1050b7262bf1fe3f5
  depends:
  - __glibc >=2.17,<3.0.a0
  - libgcc >=13
  - libnuma >=2.0.18,<3.0a0
  - libstdcxx >=13
  - rocm-comgr 7.0.*
  - rocm-core >=7.0.2,<7.1.0a0
  - rocr-runtime 7.0.*
  license: NCSA
  license_family: MIT
  size: 10406559
  timestamp: 1762095805057
- conda: https://prefix.dev/rock-the-conda/linux-64/hipblas-7.0.2-hbaa972e_0.conda
  sha256: b14031e9c03363e02ed2fb9e9a3a0b567c92045dd740efbee855f82f79e67a70
  depends:
  - __glibc >=2.17,<3.0.a0
  - libstdcxx >=14
  - libgcc >=14
  - libgfortran5 >=14.3.0
  - libgfortran
  - libgcc >=14
  - hipblaslt >=7.0.2,<7.1.0a0
  - rocblas >=7.0.2,<7.1.0a0
  - roctracer >=7.0.2,<7.1.0a0
  - rocm-smi >=7.0.2,<7.1.0a0
  - rocsolver >=7.0.2,<7.1.0a0
  - rocm-core >=7.0.2,<7.1.0a0
  license: MIT
  license_family: MIT
  size: 246939
  timestamp: 1761116718469
- conda: https://prefix.dev/rock-the-conda/linux-64/hipblaslt-7.0.2-h978cf63_0.conda
  sha256: f32823e81ae2d5b51537f1cf02e598097f36f021f16bbcdcb15b1222dae06b02
  depends:
  - libstdcxx >=13
  - libgcc >=13
  - __glibc >=2.17,<3.0.a0
  - libgcc >=13
  - libboost >=1.86.0,<1.87.0a0
  - roctracer >=7.0.2,<7.1.0a0
  - rocm-smi >=7.0.2,<7.1.0a0
  - msgpack-cxx >=7.0.0,<8.0a0
  - spdlog >=1.15.3,<1.16.0a0
  - libzlib >=1.3.1,<2.0a0
  - python_abi 3.10.* *_cp310
  - rocm-core >=7.0.2,<7.1.0a0
  license: MIT
  license_family: MIT
  size: 1015386801
  timestamp: 1761083197871
- conda: https://prefix.dev/conda-forge/linux-64/icu-75.1-he02047a_0.conda
  sha256: 71e750d509f5fa3421087ba88ef9a7b9be11c53174af3aa4d06aff4c18b38e8e
  md5: 8b189310083baabfb622af68fd9d3ae3
  depends:
  - __glibc >=2.17,<3.0.a0
  - libgcc-ng >=12
  - libstdcxx-ng >=12
  license: MIT
  license_family: MIT
  size: 12129203
  timestamp: 1720853576813
- conda: https://prefix.dev/conda-forge/linux-64/keyutils-1.6.3-hb9d3cd8_0.conda
  sha256: 0960d06048a7185d3542d850986d807c6e37ca2e644342dd0c72feefcf26c2a4
  md5: b38117a3c920364aff79f870c984b4a3
  depends:
  - __glibc >=2.17,<3.0.a0
  - libgcc >=13
  license: LGPL-2.1-or-later
  size: 134088
  timestamp: 1754905959823
- conda: https://prefix.dev/conda-forge/linux-64/krb5-1.21.3-h659f571_0.conda
  sha256: 99df692f7a8a5c27cd14b5fb1374ee55e756631b9c3d659ed3ee60830249b238
  md5: 3f43953b7d3fb3aaa1d0d0723d91e368
  depends:
  - keyutils >=1.6.1,<2.0a0
  - libedit >=3.1.20191231,<3.2.0a0
  - libedit >=3.1.20191231,<4.0a0
  - libgcc-ng >=12
  - libstdcxx-ng >=12
  - openssl >=3.3.1,<4.0a0
  license: MIT
  license_family: MIT
  size: 1370023
  timestamp: 1719463201255
- conda: https://prefix.dev/conda-forge/linux-64/libarchive-3.8.2-gpl_h7be2006_100.conda
  sha256: 3fb3baf9f6ac39a4720f91dbb6fdace0208fd76500d362e8d6ae985a8bd42451
  md5: 9d0eaa26e3c5d7af747b3ddee928327b
  depends:
  - __glibc >=2.17,<3.0.a0
  - bzip2 >=1.0.8,<2.0a0
  - libgcc >=14
  - liblzma >=5.8.1,<6.0a0
  - libxml2
  - libxml2-16 >=2.14.6
  - libzlib >=1.3.1,<2.0a0
  - lz4-c >=1.10.0,<1.11.0a0
  - lzo >=2.10,<3.0a0
  - openssl >=3.5.4,<4.0a0
  - zstd >=1.5.7,<1.6.0a0
  license: BSD-2-Clause
  license_family: BSD
  size: 884698
  timestamp: 1760610562105
- conda: https://prefix.dev/conda-forge/linux-64/libboost-1.86.0-hed09d94_4.conda
  sha256: 2e9778d8c3bbc6e7698fd87a1499a68ca1f02be37f6aaefa7541eb2728ffbff3
  md5: b708abf3b6a0f3cf2f833d2edf18aff0
  depends:
  - __glibc >=2.17,<3.0.a0
  - bzip2 >=1.0.8,<2.0a0
  - icu >=75.1,<76.0a0
  - libgcc >=14
  - liblzma >=5.8.1,<6.0a0
  - libstdcxx >=14
  - libzlib >=1.3.1,<2.0a0
  - zstd >=1.5.7,<1.6.0a0
  constrains:
  - boost-cpp <0.0a0
  license: BSL-1.0
  size: 2959099
  timestamp: 1756549412040
- conda: https://prefix.dev/conda-forge/linux-64/libcurl-8.16.0-h4e3cde8_0.conda
  sha256: f21af777602d17ced05f168898e759fb0bac5af09ba72c5ece245dd0f14e0fec
  md5: a401aa9329350320c7d3809a7a5a1640
  depends:
  - __glibc >=2.17,<3.0.a0
  - krb5 >=1.21.3,<1.22.0a0
  - libgcc >=14
  - libnghttp2 >=1.67.0,<2.0a0
  - libssh2 >=1.11.1,<2.0a0
  - libzlib >=1.3.1,<2.0a0
  - openssl >=3.5.4,<4.0a0
  - zstd >=1.5.7,<1.6.0a0
  license: curl
  license_family: MIT
  size: 459851
  timestamp: 1760977209182
- conda: https://prefix.dev/conda-forge/linux-64/libdrm-2.4.125-hb03c661_1.conda
  sha256: c076a213bd3676cc1ef22eeff91588826273513ccc6040d9bea68bccdc849501
  md5: 9314bc5a1fe7d1044dc9dfd3ef400535
  depends:
  - __glibc >=2.17,<3.0.a0
  - libgcc >=14
  - libpciaccess >=0.18,<0.19.0a0
  license: MIT
  license_family: MIT
  size: 310785
  timestamp: 1757212153962
- conda: https://prefix.dev/conda-forge/linux-64/libedit-3.1.20250104-pl5321h7949ede_0.conda
  sha256: d789471216e7aba3c184cd054ed61ce3f6dac6f87a50ec69291b9297f8c18724
  md5: c277e0a4d549b03ac1e9d6cbbe3d017b
  depends:
  - ncurses
  - __glibc >=2.17,<3.0.a0
  - libgcc >=13
  - ncurses >=6.5,<7.0a0
  license: BSD-2-Clause
  license_family: BSD
  size: 134676
  timestamp: 1738479519902
- conda: https://prefix.dev/conda-forge/linux-64/libev-4.33-hd590300_2.conda
  sha256: 1cd6048169fa0395af74ed5d8f1716e22c19a81a8a36f934c110ca3ad4dd27b4
  md5: 172bf1cd1ff8629f2b1179945ed45055
  depends:
  - libgcc-ng >=12
  license: BSD-2-Clause
  license_family: BSD
  size: 112766
  timestamp: 1702146165126
- conda: https://prefix.dev/conda-forge/linux-64/libffi-3.4.6-h2dba641_1.conda
  sha256: 764432d32db45466e87f10621db5b74363a9f847d2b8b1f9743746cd160f06ab
  md5: ede4673863426c0883c0063d853bbd85
  depends:
  - __glibc >=2.17,<3.0.a0
  - libgcc >=13
  license: MIT
  license_family: MIT
  size: 57433
  timestamp: 1743434498161
- conda: https://prefix.dev/conda-forge/linux-64/libgcc-15.2.0-h767d61c_7.conda
  sha256: 08f9b87578ab981c7713e4e6a7d935e40766e10691732bba376d4964562bcb45
  md5: c0374badb3a5d4b1372db28d19462c53
  depends:
  - __glibc >=2.17,<3.0.a0
  - _openmp_mutex >=4.5
  constrains:
  - libgomp 15.2.0 h767d61c_7
  - libgcc-ng ==15.2.0=*_7
  license: GPL-3.0-only WITH GCC-exception-3.1
  license_family: GPL
  size: 822552
  timestamp: 1759968052178
- conda: https://prefix.dev/conda-forge/linux-64/libgcc-ng-15.2.0-h69a702a_7.conda
  sha256: 2045066dd8e6e58aaf5ae2b722fb6dfdbb57c862b5f34ac7bfb58c40ef39b6ad
  md5: 280ea6eee9e2ddefde25ff799c4f0363
  depends:
  - libgcc 15.2.0 h767d61c_7
  license: GPL-3.0-only WITH GCC-exception-3.1
  license_family: GPL
  size: 29313
  timestamp: 1759968065504
- conda: https://prefix.dev/conda-forge/linux-64/libgfortran-15.2.0-h69a702a_7.conda
  sha256: 9ca24328e31c8ef44a77f53104773b9fe50ea8533f4c74baa8489a12de916f02
  md5: 8621a450add4e231f676646880703f49
  depends:
  - libgfortran5 15.2.0 hcd61629_7
  constrains:
  - libgfortran-ng ==15.2.0=*_7
  license: GPL-3.0-only WITH GCC-exception-3.1
  license_family: GPL
  size: 29275
  timestamp: 1759968110483
- conda: https://prefix.dev/conda-forge/linux-64/libgfortran5-15.2.0-hcd61629_7.conda
  sha256: e93ceda56498d98c9f94fedec3e2d00f717cbedfc97c49be0e5a5828802f2d34
  md5: f116940d825ffc9104400f0d7f1a4551
  depends:
  - __glibc >=2.17,<3.0.a0
  - libgcc >=15.2.0
  constrains:
  - libgfortran 15.2.0
  license: GPL-3.0-only WITH GCC-exception-3.1
  license_family: GPL
  size: 1572758
  timestamp: 1759968082504
- conda: https://prefix.dev/conda-forge/linux-64/libgomp-15.2.0-h767d61c_7.conda
  sha256: e9fb1c258c8e66ee278397b5822692527c5f5786d372fe7a869b900853f3f5ca
  md5: f7b4d76975aac7e5d9e6ad13845f92fe
  depends:
  - __glibc >=2.17,<3.0.a0
  license: GPL-3.0-only WITH GCC-exception-3.1
  license_family: GPL
  size: 447919
  timestamp: 1759967942498
- conda: https://prefix.dev/conda-forge/linux-64/libhwloc-2.12.1-default_h7f8ec31_1002.conda
  sha256: f7fbc792dbcd04bf27219c765c10c239937b34c6c1a1f77a5827724753e02da1
  md5: c01021ae525a76fe62720c7346212d74
  depends:
  - __glibc >=2.17,<3.0.a0
  - libgcc >=14
  - libstdcxx >=14
  - libxml2
  - libxml2-16 >=2.14.6
  license: BSD-3-Clause
  license_family: BSD
  size: 2450642
  timestamp: 1757624375958
- conda: https://prefix.dev/conda-forge/linux-64/libiconv-1.18-h3b78370_2.conda
  sha256: c467851a7312765447155e071752d7bf9bf44d610a5687e32706f480aad2833f
  md5: 915f5995e94f60e9a4826e0b0920ee88
  depends:
  - __glibc >=2.17,<3.0.a0
  - libgcc >=14
  license: LGPL-2.1-only
  size: 790176
  timestamp: 1754908768807
- conda: https://prefix.dev/conda-forge/linux-64/libidn2-2.3.8-hfac485b_1.conda
  sha256: cc38c900b9a20fe75e61cbb594e749c57a06d96510722f5ddfa309682062b065
  md5: 842a81de672ddcf476337c8bde3cad33
  depends:
  - __glibc >=2.17,<3.0.a0
  - libgcc >=14
  - libunistring >=0,<1.0a0
  license: LGPL-2.0-only
  license_family: LGPL
  size: 139036
  timestamp: 1760385590993
- conda: https://prefix.dev/conda-forge/linux-64/libllvm20-20.1.8-hf7376ad_1.conda
  sha256: bd2981488f63afbc234f6c7759f8363c63faf38dd0f4e64f48ef5a06541c12b4
  md5: eafa8fd1dfc9a107fe62f7f12cabbc9c
  depends:
  - __glibc >=2.17,<3.0.a0
  - libgcc >=14
  - libstdcxx >=14
  - libxml2
  - libxml2-16 >=2.14.5
  - libzlib >=1.3.1,<2.0a0
  - zstd >=1.5.7,<1.6.0a0
  license: Apache-2.0 WITH LLVM-exception
  license_family: Apache
  size: 43977914
  timestamp: 1757353652788
- conda: https://prefix.dev/conda-forge/linux-64/liblzma-5.8.1-hb9d3cd8_2.conda
  sha256: f2591c0069447bbe28d4d696b7fcb0c5bd0b4ac582769b89addbcf26fb3430d8
  md5: 1a580f7796c7bf6393fddb8bbbde58dc
  depends:
  - __glibc >=2.17,<3.0.a0
  - libgcc >=13
  constrains:
  - xz 5.8.1.*
  license: 0BSD
  size: 112894
  timestamp: 1749230047870
- conda: https://prefix.dev/conda-forge/linux-64/libmicrohttpd-1.0.2-hc2fc477_0.conda
  sha256: 6b21e0f3d1577bbe10f27003212f0b8c9a881d99faa01a83476311730aed5c9d
  md5: a02cb80c806b7b768e1d60170f63375d
  depends:
  - __glibc >=2.17,<3.0.a0
  - libgcc >=14
  - gnutls >=3.8.9,<3.9.0a0
  license: LGPL-2.0-or-later
  license_family: LGPL
  size: 286166
  timestamp: 1752566614604
- conda: https://prefix.dev/conda-forge/linux-64/libnghttp2-1.67.0-had1ee68_0.conda
  sha256: a4a7dab8db4dc81c736e9a9b42bdfd97b087816e029e221380511960ac46c690
  md5: b499ce4b026493a13774bcf0f4c33849
  depends:
  - __glibc >=2.17,<3.0.a0
  - c-ares >=1.34.5,<2.0a0
  - libev >=4.33,<4.34.0a0
  - libev >=4.33,<5.0a0
  - libgcc >=14
  - libstdcxx >=14
  - libzlib >=1.3.1,<2.0a0
  - openssl >=3.5.2,<4.0a0
  license: MIT
  license_family: MIT
  size: 666600
  timestamp: 1756834976695
- conda: https://prefix.dev/conda-forge/linux-64/libnuma-2.0.18-hb9d3cd8_3.conda
  sha256: eb130af5be94c7db5e3448c7f254f8e066e62d1b76cd1c6c7c33f3565a55a685
  md5: 20ab6b90150325f1af7ca96bffafde63
  depends:
  - __glibc >=2.17,<3.0.a0
  - libgcc >=13
  license: LGPL-2.1-only
  size: 44030
  timestamp: 1749573854077
- conda: https://prefix.dev/conda-forge/linux-64/libpciaccess-0.18-hb9d3cd8_0.conda
  sha256: 0bd91de9b447a2991e666f284ae8c722ffb1d84acb594dbd0c031bd656fa32b2
  md5: 70e3400cbbfa03e96dcde7fc13e38c7b
  depends:
  - __glibc >=2.17,<3.0.a0
  - libgcc >=13
  license: MIT
  license_family: MIT
  size: 28424
  timestamp: 1749901812541
- conda: https://prefix.dev/conda-forge/linux-64/libsqlite-3.50.4-h0c1763c_0.conda
  sha256: 6d9c32fc369af5a84875725f7ddfbfc2ace795c28f246dc70055a79f9b2003da
  md5: 0b367fad34931cb79e0d6b7e5c06bb1c
  depends:
  - __glibc >=2.17,<3.0.a0
  - libgcc >=14
  - libzlib >=1.3.1,<2.0a0
  license: blessing
  size: 932581
  timestamp: 1753948484112
- conda: https://prefix.dev/conda-forge/linux-64/libssh2-1.11.1-hcf80075_0.conda
  sha256: fa39bfd69228a13e553bd24601332b7cfeb30ca11a3ca50bb028108fe90a7661
  md5: eecce068c7e4eddeb169591baac20ac4
  depends:
  - __glibc >=2.17,<3.0.a0
  - libgcc >=13
  - libzlib >=1.3.1,<2.0a0
  - openssl >=3.5.0,<4.0a0
  license: BSD-3-Clause
  license_family: BSD
  size: 304790
  timestamp: 1745608545575
- conda: https://prefix.dev/conda-forge/linux-64/libstdcxx-15.2.0-h8f9b012_7.conda
  sha256: 1b981647d9775e1cdeb2fab0a4dd9cd75a6b0de2963f6c3953dbd712f78334b3
  md5: 5b767048b1b3ee9a954b06f4084f93dc
  depends:
  - __glibc >=2.17,<3.0.a0
  - libgcc 15.2.0 h767d61c_7
  constrains:
  - libstdcxx-ng ==15.2.0=*_7
  license: GPL-3.0-only WITH GCC-exception-3.1
  license_family: GPL
  size: 3898269
  timestamp: 1759968103436
- conda: https://prefix.dev/conda-forge/linux-64/libstdcxx-ng-15.2.0-h4852527_7.conda
  sha256: 024fd46ac3ea8032a5ec3ea7b91c4c235701a8bf0e6520fe5e6539992a6bd05f
  md5: f627678cf829bd70bccf141a19c3ad3e
  depends:
  - libstdcxx 15.2.0 h8f9b012_7
  license: GPL-3.0-only WITH GCC-exception-3.1
  license_family: GPL
  size: 29343
  timestamp: 1759968157195
- conda: https://prefix.dev/conda-forge/linux-64/libtasn1-4.20.0-hb03c661_1.conda
  sha256: 14daa718543717b6722dc2f262a751482ad5a8ede4de6d60e63ec8f1155b6ae8
  md5: 9ab030c2a729d349dd6fb20dabcdb9c5
  depends:
  - __glibc >=2.17,<3.0.a0
  - libgcc >=14
  license: LGPL-2.1-or-later
  size: 118109
  timestamp: 1760407132634
- conda: https://prefix.dev/conda-forge/linux-64/libunistring-0.9.10-h7f98852_0.tar.bz2
  sha256: e88c45505921db29c08df3439ddb7f771bbff35f95e7d3103bf365d5d6ce2a6d
  md5: 7245a044b4a1980ed83196176b78b73a
  depends:
  - libgcc-ng >=9.3.0
  license: GPL-3.0-only OR LGPL-3.0-only
  size: 1433436
  timestamp: 1626955018689
- conda: https://prefix.dev/conda-forge/linux-64/libxml2-2.15.1-h031cc0b_0.conda
  sha256: ee64e507b37b073e0bdad739e35330933dd5be7c639600a096551a6968f1035d
  md5: a67cd8f7b0369bbf2c40411f05a62f3b
  depends:
  - __glibc >=2.17,<3.0.a0
  - libgcc >=14
  - libiconv >=1.18,<2.0a0
  - liblzma >=5.8.1,<6.0a0
  - libxml2-16 2.15.1 hf2a90c1_0
  - libzlib >=1.3.1,<2.0a0
  constrains:
  - icu <0.0a0
  license: MIT
  license_family: MIT
  size: 45292
  timestamp: 1761015784683
- conda: https://prefix.dev/conda-forge/linux-64/libxml2-2.15.1-h26afc86_0.conda
  sha256: ec0735ae56c3549149eebd7dc22c0bed91fd50c02eaa77ff418613ddda190aa8
  md5: e512be7dc1f84966d50959e900ca121f
  depends:
  - __glibc >=2.17,<3.0.a0
  - icu >=75.1,<76.0a0
  - libgcc >=14
  - libiconv >=1.18,<2.0a0
  - liblzma >=5.8.1,<6.0a0
  - libxml2-16 2.15.1 ha9997c6_0
  - libzlib >=1.3.1,<2.0a0
  license: MIT
  license_family: MIT
  size: 45283
  timestamp: 1761015644057
- conda: https://prefix.dev/conda-forge/linux-64/libxml2-16-2.15.1-ha9997c6_0.conda
  sha256: 71436e72a286ef8b57d6f4287626ff91991eb03c7bdbe835280521791efd1434
  md5: e7733bc6785ec009e47a224a71917e84
  depends:
  - __glibc >=2.17,<3.0.a0
  - icu >=75.1,<76.0a0
  - libgcc >=14
  - libiconv >=1.18,<2.0a0
  - liblzma >=5.8.1,<6.0a0
  - libzlib >=1.3.1,<2.0a0
  constrains:
  - libxml2 2.15.1
  license: MIT
  license_family: MIT
  size: 556302
  timestamp: 1761015637262
- conda: https://prefix.dev/conda-forge/linux-64/libxml2-16-2.15.1-hf2a90c1_0.conda
  sha256: f5220ff49efc31431279859049199b9250e79f98c1dee1da12feb74bda2d9cf1
  md5: 23720d17346b21efb08d68c2255c8431
  depends:
  - __glibc >=2.17,<3.0.a0
  - libgcc >=14
  - libiconv >=1.18,<2.0a0
  - liblzma >=5.8.1,<6.0a0
  - libzlib >=1.3.1,<2.0a0
  constrains:
  - libxml2 2.15.1
  - icu <0.0a0
  license: MIT
  license_family: MIT
  size: 554734
  timestamp: 1761015772672
- conda: https://prefix.dev/conda-forge/linux-64/libzlib-1.3.1-hb9d3cd8_2.conda
  sha256: d4bfe88d7cb447768e31650f06257995601f89076080e76df55e3112d4e47dc4
  md5: edb0dca6bc32e4f4789199455a1dbeb8
  depends:
  - __glibc >=2.17,<3.0.a0
  - libgcc >=13
  constrains:
  - zlib 1.3.1 *_2
  license: Zlib
  license_family: Other
  size: 60963
  timestamp: 1727963148474
- conda: https://prefix.dev/conda-forge/linux-64/llama.cpp-6904-cpu_mkl_hba1d3a1_0.conda
  sha256: 17522d657409fa9e00a7b53324de4f60db68c48152c3e3f90f68caecc9d0521d
  md5: fed224200ec11e6a5f3c362ef87743ae
  depends:
  - __glibc >=2.17,<3.0.a0
  - libstdcxx >=14
  - libgcc >=14
  - mkl >=2025.3.0,<2026.0a0
  - libcurl >=8.16.0,<9.0a0
  constrains:
  - whisper.cpp <0.0.0a0
  license: MIT
  license_family: MIT
  size: 10943829
  timestamp: 1761955427846
- conda: https://prefix.dev/rock-the-conda/linux-64/llama.cpp-6904-rocm70_h0116fc4_0.conda
  sha256: 72094bf23d9085b68d27517c860e6550ab45324fda61e2cc4137f973c03b8648
  depends:
  - libstdcxx >=13
  - libgcc >=13
  - hip-runtime-amd >=7.0.2,<8.0a0
  - __glibc >=2.17,<3.0.a0
  - libcurl >=8.16.0,<9.0a0
  - rocm-core >=7.0.2,<7.1.0a0
  - hipblas >=7.0.2,<7.1.0a0
  - rocblas >=7.0.2,<7.1.0a0
  constrains:
  - whisper.cpp <0.0.0a0
  license: MIT
  size: 52512613
  timestamp: 1762098206518
- conda: https://prefix.dev/conda-forge/linux-64/llvm-openmp-21.1.4-h4922eb0_0.conda
  sha256: d018aacb17fb7cc3a3871020cc9e27aade4b450abc8efc84975025c1b02d273e
  md5: bd436383c8b7d4c64af6e0e382ce277a
  depends:
  - __glibc >=2.17,<3.0.a0
  constrains:
  - openmp 21.1.4|21.1.4.*
  - intel-openmp <0.0a0
  license: Apache-2.0 WITH LLVM-exception
  license_family: APACHE
  size: 3220151
  timestamp: 1761130841658
- conda: https://prefix.dev/conda-forge/linux-64/lz4-c-1.10.0-h5888daf_1.conda
  sha256: 47326f811392a5fd3055f0f773036c392d26fdb32e4d8e7a8197eed951489346
  md5: 9de5350a85c4a20c685259b889aa6393
  depends:
  - __glibc >=2.17,<3.0.a0
  - libgcc >=13
  - libstdcxx >=13
  license: BSD-2-Clause
  license_family: BSD
  size: 167055
  timestamp: 1733741040117
- conda: https://prefix.dev/conda-forge/linux-64/lzo-2.10-h280c20c_1002.conda
  sha256: 5c6bbeec116e29f08e3dad3d0524e9bc5527098e12fc432c0e5ca53ea16337d4
  md5: 45161d96307e3a447cc3eb5896cf6f8c
  depends:
  - libgcc >=14
  - __glibc >=2.17,<3.0.a0
  license: GPL-2.0-or-later
  license_family: GPL
  size: 191060
  timestamp: 1753889274283
- conda: https://prefix.dev/conda-forge/linux-64/mkl-2025.3.0-h0e700b2_462.conda
  sha256: b5ddfb4378c19d0d69e751478a7733dee035d1dd1f206e7a88a5df4ee71345e0
  md5: a2e8e73f7132ea5ea70fda6f3cf05578
  depends:
  - __glibc >=2.17,<3.0.a0
  - _openmp_mutex * *_llvm
  - _openmp_mutex >=4.5
  - libgcc >=14
  - libstdcxx >=14
  - llvm-openmp >=21.1.4
  - tbb >=2022.2.0
  license: LicenseRef-IntelSimplifiedSoftwareOct2022
  license_family: Proprietary
  size: 125177250
  timestamp: 1761668323993
- conda: https://prefix.dev/conda-forge/linux-64/msgpack-cxx-7.0.0-h9fb26e6_0.conda
  sha256: 8431620fa7be84485085537a6e00b788c08e383bb370a0f981306564ba9591e1
  md5: f54c289a1891eff554352e97306d8c25
  depends:
  - __glibc >=2.17,<3.0.a0
  - libboost >=1.86.0,<1.87.0a0
  - libgcc >=13
  - libstdcxx >=13
  - libzlib >=1.3.1,<2.0a0
  license: BSL-1.0
  size: 259534
  timestamp: 1730663497116
- conda: https://prefix.dev/conda-forge/linux-64/ncurses-6.5-h2d0b736_3.conda
  sha256: 3fde293232fa3fca98635e1167de6b7c7fda83caf24b9d6c91ec9eefb4f4d586
  md5: 47e340acb35de30501a76c7c799c41d7
  depends:
  - __glibc >=2.17,<3.0.a0
  - libgcc >=13
  license: X11 AND BSD-3-Clause
  size: 891641
  timestamp: 1738195959188
- conda: https://prefix.dev/conda-forge/linux-64/nettle-3.10.1-h4a9d5aa_0.conda
  sha256: 00b5a5e394d58cff5b08e0082699e773dd41995130bc14747740a16d9cacdd2c
  md5: 618bf3007df69a0ca9306ed8d6b48b48
  depends:
  - __glibc >=2.17,<3.0.a0
  - libgcc >=13
  - gmp >=6.3.0,<7.0a0
  license: GPL-2.0-or-later OR LGPL-3.0-or-later
  size: 1047686
  timestamp: 1748012178395
- conda: https://prefix.dev/conda-forge/linux-64/openssl-3.5.4-h26f9b46_0.conda
  sha256: e807f3bad09bdf4075dbb4168619e14b0c0360bacb2e12ef18641a834c8c5549
  md5: 14edad12b59ccbfa3910d42c72adc2a0
  depends:
  - __glibc >=2.17,<3.0.a0
  - ca-certificates
  - libgcc >=14
  license: Apache-2.0
  license_family: Apache
  size: 3119624
  timestamp: 1759324353651
- conda: https://prefix.dev/conda-forge/linux-64/p11-kit-0.24.1-hc5aa10d_0.tar.bz2
  sha256: aa8d3887b36557ad0c839e4876c0496e0d670afe843bf5bba4a87764b868196d
  md5: 56ee94e34b71742bbdfa832c974e47a8
  depends:
  - libffi >=3.4.2,<3.5.0a0
  - libgcc-ng >=12
  - libtasn1 >=4.18.0,<5.0a0
  license: MIT
  license_family: MIT
  size: 4702497
  timestamp: 1654868759643
- conda: https://prefix.dev/conda-forge/noarch/python_abi-3.10-8_cp310.conda
  build_number: 8
  sha256: 7ad76fa396e4bde336872350124c0819032a9e8a0a40590744ff9527b54351c1
  md5: 05e00f3b21e88bb3d658ac700b2ce58c
  constrains:
  - python 3.10.* *_cpython
  license: BSD-3-Clause
  license_family: BSD
  size: 6999
  timestamp: 1752805924192
- conda: https://prefix.dev/rock-the-conda/linux-64/rocblas-7.0.2-h75aaa01_0.conda
  sha256: 80c0487c4668911e7d8d832a88d6161dfda38950c19d7a5c201fbf0590613b73
  depends:
  - __glibc >=2.17,<3.0.a0
  - libgcc >=13
  - libstdcxx >=13
  - libgcc >=13
  - libboost >=1.86.0,<1.87.0a0
  - rocm-core >=7.0.2,<7.1.0a0
  - msgpack-cxx >=7.0.0,<8.0a0
  - roctracer >=7.0.2,<7.1.0a0
  - rocm-smi >=7.0.2,<7.1.0a0
  - python_abi 3.10.* *_cp310
  - hipblaslt >=7.0.2,<7.1.0a0
  license: MIT
  license_family: MIT
  size: 176687778
  timestamp: 1761116718412
- conda: https://prefix.dev/rock-the-conda/linux-64/rocm-comgr-7.0.2-h869bcad_0.conda
  sha256: a36dff73e3f7a042b8d056127692bd28b11d3ffe35e879e7ef889edff253742b
  depends:
  - __glibc >=2.17,<3.0.a0
  - libgcc >=13
  - libllvm20 >=20.1.8,<20.2.0a0
  - libstdcxx >=13
  - libzlib >=1.3.1,<2.0a0
  - rocm-core >=7.0.2,<7.1.0a0
  - zstd >=1.5.7,<1.6.0a0
  license: NCSA
  size: 20169990
  timestamp: 1761061139852
- conda: https://prefix.dev/rock-the-conda/linux-64/rocm-core-7.0.2-hc2501f5_0.conda
  sha256: ef8e28d8c91fd94e0f9fab7474bcc3566a68a6c6f89ebb7baad2b8d60fd8c265
  depends:
  - __glibc >=2.17,<3.0.a0
  - libgcc >=13
  - libstdcxx >=13
  - libgcc >=13
  license: MIT
  license_family: MIT
  size: 20469
  timestamp: 1761060743584
- conda: https://prefix.dev/rock-the-conda/linux-64/rocm-smi-7.0.2-hf88c81a_0.conda
  sha256: cc933d545e739d10980617ea075d9d2475f4e84a07ea84f876de5dfd5c59f8c1
  depends:
  - __glibc >=2.17,<3.0.a0
  - libdrm >=2.4.125,<2.5.0a0
  - libgcc >=13
  - libstdcxx >=13
  - rocm-core >=7.0.2,<7.1.0a0
  license: NCSA
  license_family: OTHER
  size: 605483
  timestamp: 1761061443427
- conda: https://prefix.dev/rock-the-conda/linux-64/rocr-runtime-7.0.2-h2d6932b_0.conda
  sha256: f13d3212c61e3738a5e04fe17227a392476b5349d3be033a2007739ac11ed619
  depends:
  - __glibc >=2.17,<3.0.a0
  - elfutils >=0.192,<0.193.0a0
  - libdrm >=2.4.125,<2.5.0a0
  - libgcc >=13
  - libnuma >=2.0.18,<3.0a0
  - libstdcxx >=13
  - libzlib >=1.3.1,<2.0a0
  - rocm-core >=7.0.2,<7.1.0a0
  license: NCSA
  license_family: MIT
  size: 759416
  timestamp: 1761060977904
- conda: https://prefix.dev/rock-the-conda/linux-64/rocsolver-7.0.2-h7088647_0.conda
  sha256: 2a37363bb46002abeee26d05d88bddbc397a74025f64f1418f90efdd822be8fc
  depends:
  - libgcc >=13
  - __glibc >=2.17,<3.0.a0
  - libstdcxx >=13
  - libgcc >=13
  - rocm-core >=7.0.2,<7.1.0a0
  - rocblas >=7.0.2,<7.1.0a0
  license: MIT
  license_family: MIT
  size: 113521563
  timestamp: 1761116718441
- conda: https://prefix.dev/rock-the-conda/linux-64/roctracer-7.0.2-h7088647_0.conda
  sha256: 4509f30719e1b2340fbc7382a8b45dd5ae4013bb752970e131fe7d4a3be105a4
  depends:
  - libgcc >=13
  - __glibc >=2.17,<3.0.a0
  - libstdcxx >=13
  - libgcc >=13
  - rocm-core >=7.0.2,<7.1.0a0
  license: MIT
  license_family: MIT
  size: 746832
  timestamp: 1761080870582
- conda: https://prefix.dev/conda-forge/linux-64/spdlog-1.15.3-h6dc744f_1.conda
  sha256: e5ddcc73dac4c138b763aab4feace6101bdccf39ea4cf599705c9625c70beba0
  md5: ffeb70e2cedafa9243bf89a20ada4cfe
  depends:
  - __glibc >=2.17,<3.0.a0
  - fmt >=11.2.0,<11.3.0a0
  - libgcc >=13
  - libstdcxx >=13
  license: MIT
  license_family: MIT
  size: 195618
  timestamp: 1751348678073
- conda: https://prefix.dev/conda-forge/linux-64/tbb-2022.3.0-h8d10470_0.conda
  sha256: f2ec146157293a2ba4980e82ad2c62cd916f324d5878edfc3f255b7ad650bbcc
  md5: f3c6f02e1f7def38e1e9e543747676fc
  depends:
  - __glibc >=2.17,<3.0.a0
  - libgcc >=14
  - libhwloc >=2.12.1,<2.12.2.0a0
  - libstdcxx >=14
  license: Apache-2.0
  license_family: APACHE
  size: 180307
  timestamp: 1761756524949
- conda: https://prefix.dev/conda-forge/linux-64/zstd-1.5.7-hb8e6e7a_2.conda
  sha256: a4166e3d8ff4e35932510aaff7aa90772f84b4d07e9f6f83c614cba7ceefe0eb
  md5: 6432cb5d4ac0046c3ac0a8a0f95842f9
  depends:
  - __glibc >=2.17,<3.0.a0
  - libgcc >=13
  - libstdcxx >=13
  - libzlib >=1.3.1,<2.0a0
  license: BSD-3-Clause
  license_family: BSD
  size: 567578
  timestamp: 1742433379869
